
Microsoft Visual Studio Solution File, Format Version 12.00
# Visual Studio Version 16
VisualStudioVersion = 16.0.30204.135
MinimumVisualStudioVersion = 10.0.40219.1
Project("{FAE04EC0-301F-11D3-BF4B-00C04F79EFBC}") = "ConsoleAppClientWSMeteo", "ConsoleAppClientWSMeteo\ConsoleAppClientWSMeteo.csproj", "{DB023C14-273A-4543-8458-F8FB2F342236}"
EndProject
Project("{FAE04EC0-301F-11D3-BF4B-00C04F79EFBC}") = "ConsoleAppRappelTasketDelegate", "ConsoleAppRappelTasketDelegate\ConsoleAppRappelTasketDelegate.csproj", "{73548709-1E11-4B1B-A926-DB988C96758B}"
EndProject
Project("{FAE04EC0-301F-11D3-BF4B-00C04F79EFBC}") = "ConsoleAppTachesAsynchrone", "ConsoleAppTachesAsynchrone\ConsoleAppTachesAsynchrone.csproj", "{8779B6FB-D72D-4308-BF1C-A2CAEB6F3004}"
EndProject
Project("{FAE04EC0-301F-11D3-BF4B-00C04F79EFBC}") = "ConsoleAppClientWS_Async", "ConsoleAppClientWS_Async\ConsoleAppClientWS_Async.csproj", "{1E610595-3A32-4D3C-92F3-A718339D7CC9}"
EndProject
Project("{FAE04EC0-301F-11D3-BF4B-00C04F79EFBC}") = "WcfServiceMonPremierApp", "WcfServiceMonPremierApp\WcfServiceMonPremierApp.csproj", "{54E6A8F9-6E87-4636-B379-8B6C9BC3B87F}"
EndProject
Project("{FAE04EC0-301F-11D3-BF4B-00C04F79EFBC}") = "ConsoleAppInterAgitAvecPremierWS", "ConsoleAppInterAgitAvecPremierWS\ConsoleAppInterAgitAvecPremierWS.csproj", "{50F178B9-BCAC-4D97-8221-5A3223CF3BE5}"
	ProjectSection(ProjectDependencies) = postProject
		{54E6A8F9-6E87-4636-B379-8B6C9BC3B87F} = {54E6A8F9-6E87-4636-B379-8B6C9BC3B87F}
	EndProjectSection
EndProject
Project("{FAE04EC0-301F-11D3-BF4B-00C04F79EFBC}") = "WcfWServiceAbonnes", "WcfWServiceAbonnes\WcfWServiceAbonnes.csproj", "{4EA1C8AD-B721-4B67-BD44-24DB77CDADB7}"
EndProject
Project("{FAE04EC0-301F-11D3-BF4B-00C04F79EFBC}") = "WcfServiceGestionGarage", "WcfServiceGestionGarage\WcfServiceGestionGarage.csproj", "{05A98246-1295-4E99-B1E1-D6EB6B2D5513}"
EndProject
Project("{FAE04EC0-301F-11D3-BF4B-00C04F79EFBC}") = "ConsoleAppGarageManagement", "ConsoleAppGarageManagement\ConsoleAppGarageManagement.csproj", "{9053B5FE-F0C2-4ACB-81F9-EA25D0D9E18E}"
EndProject
Project("{FAE04EC0-301F-11D3-BF4B-00C04F79EFBC}") = "WpfAppMeteoClient", "WpfAppMeteoClient\WpfAppMeteoClient.csproj", "{D9C5BC67-E167-4A55-9E0E-66C9AC77D175}"
EndProject
Project("{FAE04EC0-301F-11D3-BF4B-00C04F79EFBC}") = "WcfServiceGarage", "WcfServiceGarage\WcfServiceGarage.csproj", "{17F8CDA5-BBCD-4916-ADF1-C12F32CDC3EC}"
EndProject
Project("{FAE04EC0-301F-11D3-BF4B-00C04F79EFBC}") = "WpfAppClientGarageWS", "WpfAppClientGarageWS\WpfAppClientGarageWS.csproj", "{59AABD87-D013-4361-AB6C-759BD1B7C6F0}"
	ProjectSection(ProjectDependencies) = postProject
		{17F8CDA5-BBCD-4916-ADF1-C12F32CDC3EC} = {17F8CDA5-BBCD-4916-ADF1-C12F32CDC3EC}
	EndProjectSection
EndProject
Project("{FAE04EC0-301F-11D3-BF4B-00C04F79EFBC}") = "WebApplicationASPWebService", "WebApplicationASPWebService\WebApplicationASPWebService.csproj", "{B4459EDE-0C2D-4DBE-81EC-4BE3F7FACC9A}"
EndProject
Project("{FAE04EC0-301F-11D3-BF4B-00C04F79EFBC}") = "ConsoleAppASPClientJson", "ConsoleAppASPClientJson\ConsoleAppASPClientJson.csproj", "{12D54241-5199-48B1-93CA-28103CEA74DD}"
EndProject
Global
	GlobalSection(SolutionConfigurationPlatforms) = preSolution
		Debug|Any CPU = Debug|Any CPU
		Release|Any CPU = Release|Any CPU
	EndGlobalSection
	GlobalSection(ProjectConfigurationPlatforms) = postSolution
		{DB023C14-273A-4543-8458-F8FB2F342236}.Debug|Any CPU.ActiveCfg = Debug|Any CPU
		{DB023C14-273A-4543-8458-F8FB2F342236}.Debug|Any CPU.Build.0 = Debug|Any CPU
		{DB023C14-273A-4543-8458-F8FB2F342236}.Release|Any CPU.ActiveCfg = Release|Any CPU
		{DB023C14-273A-4543-8458-F8FB2F342236}.Release|Any CPU.Build.0 = Release|Any CPU
		{73548709-1E11-4B1B-A926-DB988C96758B}.Debug|Any CPU.ActiveCfg = Debug|Any CPU
		{73548709-1E11-4B1B-A926-DB988C96758B}.Debug|Any CPU.Build.0 = Debug|Any CPU
		{73548709-1E11-4B1B-A926-DB988C96758B}.Release|Any CPU.ActiveCfg = Release|Any CPU
		{73548709-1E11-4B1B-A926-DB988C96758B}.Release|Any CPU.Build.0 = Release|Any CPU
		{8779B6FB-D72D-4308-BF1C-A2CAEB6F3004}.Debug|Any CPU.ActiveCfg = Debug|Any CPU
		{8779B6FB-D72D-4308-BF1C-A2CAEB6F3004}.Debug|Any CPU.Build.0 = Debug|Any CPU
		{8779B6FB-D72D-4308-BF1C-A2CAEB6F3004}.Release|Any CPU.ActiveCfg = Release|Any CPU
		{8779B6FB-D72D-4308-BF1C-A2CAEB6F3004}.Release|Any CPU.Build.0 = Release|Any CPU
		{1E610595-3A32-4D3C-92F3-A718339D7CC9}.Debug|Any CPU.ActiveCfg = Debug|Any CPU
		{1E610595-3A32-4D3C-92F3-A718339D7CC9}.Debug|Any CPU.Build.0 = Debug|Any CPU
		{1E610595-3A32-4D3C-92F3-A718339D7CC9}.Release|Any CPU.ActiveCfg = Release|Any CPU
		{1E610595-3A32-4D3C-92F3-A718339D7CC9}.Release|Any CPU.Build.0 = Release|Any CPU
		{54E6A8F9-6E87-4636-B379-8B6C9BC3B87F}.Debug|Any CPU.ActiveCfg = Debug|Any CPU
		{54E6A8F9-6E87-4636-B379-8B6C9BC3B87F}.Debug|Any CPU.Build.0 = Debug|Any CPU
		{54E6A8F9-6E87-4636-B379-8B6C9BC3B87F}.Release|Any CPU.ActiveCfg = Release|Any CPU
		{54E6A8F9-6E87-4636-B379-8B6C9BC3B87F}.Release|Any CPU.Build.0 = Release|Any CPU
		{50F178B9-BCAC-4D97-8221-5A3223CF3BE5}.Debug|Any CPU.ActiveCfg = Debug|Any CPU
		{50F178B9-BCAC-4D97-8221-5A3223CF3BE5}.Debug|Any CPU.Build.0 = Debug|Any CPU
		{50F178B9-BCAC-4D97-8221-5A3223CF3BE5}.Release|Any CPU.ActiveCfg = Release|Any CPU
		{50F178B9-BCAC-4D97-8221-5A3223CF3BE5}.Release|Any CPU.Build.0 = Release|Any CPU
		{4EA1C8AD-B721-4B67-BD44-24DB77CDADB7}.Debug|Any CPU.ActiveCfg = Debug|Any CPU
		{4EA1C8AD-B721-4B67-BD44-24DB77CDADB7}.Debug|Any CPU.Build.0 = Debug|Any CPU
		{4EA1C8AD-B721-4B67-BD44-24DB77CDADB7}.Release|Any CPU.ActiveCfg = Release|Any CPU
		{4EA1C8AD-B721-4B67-BD44-24DB77CDADB7}.Release|Any CPU.Build.0 = Release|Any CPU
		{05A98246-1295-4E99-B1E1-D6EB6B2D5513}.Debug|Any CPU.ActiveCfg = Debug|Any CPU
		{05A98246-1295-4E99-B1E1-D6EB6B2D5513}.Debug|Any CPU.Build.0 = Debug|Any CPU
		{05A98246-1295-4E99-B1E1-D6EB6B2D5513}.Release|Any CPU.ActiveCfg = Release|Any CPU
		{05A98246-1295-4E99-B1E1-D6EB6B2D5513}.Release|Any CPU.Build.0 = Release|Any CPU
		{9053B5FE-F0C2-4ACB-81F9-EA25D0D9E18E}.Debug|Any CPU.ActiveCfg = Debug|Any CPU
		{9053B5FE-F0C2-4ACB-81F9-EA25D0D9E18E}.Debug|Any CPU.Build.0 = Debug|Any CPU
		{9053B5FE-F0C2-4ACB-81F9-EA25D0D9E18E}.Release|Any CPU.ActiveCfg = Release|Any CPU
		{9053B5FE-F0C2-4ACB-81F9-EA25D0D9E18E}.Release|Any CPU.Build.0 = Release|Any CPU
		{D9C5BC67-E167-4A55-9E0E-66C9AC77D175}.Debug|Any CPU.ActiveCfg = Debug|Any CPU
		{D9C5BC67-E167-4A55-9E0E-66C9AC77D175}.Debug|Any CPU.Build.0 = Debug|Any CPU
		{D9C5BC67-E167-4A55-9E0E-66C9AC77D175}.Release|Any CPU.ActiveCfg = Release|Any CPU
		{D9C5BC67-E167-4A55-9E0E-66C9AC77D175}.Release|Any CPU.Build.0 = Release|Any CPU
		{17F8CDA5-BBCD-4916-ADF1-C12F32CDC3EC}.Debug|Any CPU.ActiveCfg = Debug|Any CPU
		{17F8CDA5-BBCD-4916-ADF1-C12F32CDC3EC}.Debug|Any CPU.Build.0 = Debug|Any CPU
		{17F8CDA5-BBCD-4916-ADF1-C12F32CDC3EC}.Release|Any CPU.ActiveCfg = Release|Any CPU
		{17F8CDA5-BBCD-4916-ADF1-C12F32CDC3EC}.Release|Any CPU.Build.0 = Release|Any CPU
		{59AABD87-D013-4361-AB6C-759BD1B7C6F0}.Debug|Any CPU.ActiveCfg = Debug|Any CPU
		{59AABD87-D013-4361-AB6C-759BD1B7C6F0}.Debug|Any CPU.Build.0 = Debug|Any CPU
		{59AABD87-D013-4361-AB6C-759BD1B7C6F0}.Release|Any CPU.ActiveCfg = Release|Any CPU
		{59AABD87-D013-4361-AB6C-759BD1B7C6F0}.Release|Any CPU.Build.0 = Release|Any CPU
		{B4459EDE-0C2D-4DBE-81EC-4BE3F7FACC9A}.Debug|Any CPU.ActiveCfg = Debug|Any CPU
		{B4459EDE-0C2D-4DBE-81EC-4BE3F7FACC9A}.Debug|Any CPU.Build.0 = Debug|Any CPU
		{B4459EDE-0C2D-4DBE-81EC-4BE3F7FACC9A}.Release|Any CPU.ActiveCfg = Release|Any CPU
		{B4459EDE-0C2D-4DBE-81EC-4BE3F7FACC9A}.Release|Any CPU.Build.0 = Release|Any CPU
		{12D54241-5199-48B1-93CA-28103CEA74DD}.Debug|Any CPU.ActiveCfg = Debug|Any CPU
		{12D54241-5199-48B1-93CA-28103CEA74DD}.Debug|Any CPU.Build.0 = Debug|Any CPU
		{12D54241-5199-48B1-93CA-28103CEA74DD}.Release|Any CPU.ActiveCfg = Release|Any CPU
		{12D54241-5199-48B1-93CA-28103CEA74DD}.Release|Any CPU.Build.0 = Release|Any CPU
	EndGlobalSection
	GlobalSection(SolutionProperties) = preSolution
		HideSolutionNode = FALSE
	EndGlobalSection
	GlobalSection(ExtensibilityGlobals) = postSolution
		SolutionGuid = {E522472A-BF35-4DE6-AFB9-B2CEAF4A8086}
	EndGlobalSection
EndGlobal
